
Microsoft Visual Studio Solution File, Format Version 12.00
# Visual Studio Version 17
VisualStudioVersion = 17.12.35527.113
MinimumVisualStudioVersion = 10.0.40219.1
Project("{FAE04EC0-301F-11D3-BF4B-00C04F79EFBC}") = "backend", "backend.csproj", "{8E3AD343-9D31-4747-B931-DC9E32374B64}"
EndProject
Project("{FAE04EC0-301F-11D3-BF4B-00C04F79EFBC}") = "Deraa.DAL", "..\Deraa.DAL\Deraa.DAL.csproj", "{9079F79D-60EA-4837-8D11-883A07C3761B}"
EndProject
Global
	GlobalSection(SolutionConfigurationPlatforms) = preSolution
		Debug|Any CPU = Debug|Any CPU
		Release|Any CPU = Release|Any CPU
	EndGlobalSection
	GlobalSection(ProjectConfigurationPlatforms) = postSolution
		{8E3AD343-9D31-4747-B931-DC9E32374B64}.Debug|Any CPU.ActiveCfg = Debug|Any CPU
		{8E3AD343-9D31-4747-B931-DC9E32374B64}.Debug|Any CPU.Build.0 = Debug|Any CPU
		{8E3AD343-9D31-4747-B931-DC9E32374B64}.Release|Any CPU.ActiveCfg = Release|Any CPU
		{8E3AD343-9D31-4747-B931-DC9E32374B64}.Release|Any CPU.Build.0 = Release|Any CPU
		{9079F79D-60EA-4837-8D11-883A07C3761B}.Debug|Any CPU.ActiveCfg = Debug|Any CPU
		{9079F79D-60EA-4837-8D11-883A07C3761B}.Debug|Any CPU.Build.0 = Debug|Any CPU
		{9079F79D-60EA-4837-8D11-883A07C3761B}.Release|Any CPU.ActiveCfg = Release|Any CPU
		{9079F79D-60EA-4837-8D11-883A07C3761B}.Release|Any CPU.Build.0 = Release|Any CPU
	EndGlobalSection
	GlobalSection(SolutionProperties) = preSolution
		HideSolutionNode = FALSE
	EndGlobalSection
EndGlobal
